
Microsoft Visual Studio Solution File, Format Version 12.00
# Visual Studio Version 16
VisualStudioVersion = 16.0.30517.126
MinimumVisualStudioVersion = 10.0.40219.1
Project("{FAE04EC0-301F-11D3-BF4B-00C04F79EFBC}") = "adressBook", "adressBook\adressBook.csproj", "{DF0DD4AC-7840-4E42-A98D-B6E93EAE6944}"
EndProject
Global
	GlobalSection(SolutionConfigurationPlatforms) = preSolution
		Debug|Any CPU = Debug|Any CPU
		Release|Any CPU = Release|Any CPU
	EndGlobalSection
	GlobalSection(ProjectConfigurationPlatforms) = postSolution
		{DF0DD4AC-7840-4E42-A98D-B6E93EAE6944}.Debug|Any CPU.ActiveCfg = Debug|Any CPU
		{DF0DD4AC-7840-4E42-A98D-B6E93EAE6944}.Debug|Any CPU.Build.0 = Debug|Any CPU
		{DF0DD4AC-7840-4E42-A98D-B6E93EAE6944}.Release|Any CPU.ActiveCfg = Release|Any CPU
		{DF0DD4AC-7840-4E42-A98D-B6E93EAE6944}.Release|Any CPU.Build.0 = Release|Any CPU
	EndGlobalSection
	GlobalSection(SolutionProperties) = preSolution
		HideSolutionNode = FALSE
	EndGlobalSection
	GlobalSection(ExtensibilityGlobals) = postSolution
		SolutionGuid = {09E4C2B5-3599-4BF3-A560-4975AEA5C211}
	EndGlobalSection
EndGlobal
